// !$*UTF8*$!
{
	archiveVersion = 1;
	classes = {
	};
	objectVersion = 50;
	objects = {

/* Begin PBXBuildFile section */
		4C090148269AF9030077E267 /* AppDelegate.swift in Sources */ = {isa = PBXBuildFile; fileRef = 4C090147269AF9030077E267 /* AppDelegate.swift */; };
		4C09014A269AF9030077E267 /* SceneDelegate.swift in Sources */ = {isa = PBXBuildFile; fileRef = 4C090149269AF9030077E267 /* SceneDelegate.swift */; };
		4C09014C269AF9030077E267 /* ViewController.swift in Sources */ = {isa = PBXBuildFile; fileRef = 4C09014B269AF9030077E267 /* ViewController.swift */; };
		4C09014F269AF9040077E267 /* Main.storyboard in Resources */ = {isa = PBXBuildFile; fileRef = 4C09014D269AF9040077E267 /* Main.storyboard */; };
		4C090151269AF90B0077E267 /* Assets.xcassets in Resources */ = {isa = PBXBuildFile; fileRef = 4C090150269AF90B0077E267 /* Assets.xcassets */; };
		4C090154269AF90B0077E267 /* LaunchScreen.storyboard in Resources */ = {isa = PBXBuildFile; fileRef = 4C090152269AF90B0077E267 /* LaunchScreen.storyboard */; };
		4C09015F269AF90C0077E267 /* Skillbox_Task10Tests.swift in Sources */ = {isa = PBXBuildFile; fileRef = 4C09015E269AF90C0077E267 /* Skillbox_Task10Tests.swift */; };
		4C09016A269AF90C0077E267 /* Skillbox_Task10UITests.swift in Sources */ = {isa = PBXBuildFile; fileRef = 4C090169269AF90C0077E267 /* Skillbox_Task10UITests.swift */; };
/* End PBXBuildFile section */

/* Begin PBXContainerItemProxy section */
		4C09015B269AF90C0077E267 /* PBXContainerItemProxy */ = {
			isa = PBXContainerItemProxy;
			containerPortal = 4C09013C269AF9030077E267 /* Project object */;
			proxyType = 1;
			remoteGlobalIDString = 4C090143269AF9030077E267;
			remoteInfo = Skillbox_Task10;
		};
		4C090166269AF90C0077E267 /* PBXContainerItemProxy */ = {
			isa = PBXContainerItemProxy;
			containerPortal = 4C09013C269AF9030077E267 /* Project object */;
			proxyType = 1;
			remoteGlobalIDString = 4C090143269AF9030077E267;
			remoteInfo = Skillbox_Task10;
		};
/* End PBXContainerItemProxy section */

/* Begin PBXFileReference section */
		4C090144269AF9030077E267 /* Skillbox_Task10.app */ = {isa = PBXFileReference; explicitFileType = wrapper.application; includeInIndex = 0; path = Skillbox_Task10.app; sourceTree = BUILT_PRODUCTS_DIR; };
		4C090147269AF9030077E267 /* AppDelegate.swift */ = {isa = PBXFileReference; lastKnownFileType = sourcecode.swift; path = AppDelegate.swift; sourceTree = "<group>"; };
		4C090149269AF9030077E267 /* SceneDelegate.swift */ = {isa = PBXFileReference; lastKnownFileType = sourcecode.swift; path = SceneDelegate.swift; sourceTree = "<group>"; };
		4C09014B269AF9030077E267 /* ViewController.swift */ = {isa = PBXFileReference; lastKnownFileType = sourcecode.swift; path = ViewController.swift; sourceTree = "<group>"; };
		4C09014E269AF9040077E267 /* Base */ = {isa = PBXFileReference; lastKnownFileType = file.storyboard; name = Base; path = Base.lproj/Main.storyboard; sourceTree = "<group>"; };
		4C090150269AF90B0077E267 /* Assets.xcassets */ = {isa = PBXFileReference; lastKnownFileType = folder.assetcatalog; path = Assets.xcassets; sourceTree = "<group>"; };
		4C090153269AF90B0077E267 /* Base */ = {isa = PBXFileReference; lastKnownFileType = file.storyboard; name = Base; path = Base.lproj/LaunchScreen.storyboard; sourceTree = "<group>"; };
		4C090155269AF90B0077E267 /* Info.plist */ = {isa = PBXFileReference; lastKnownFileType = text.plist.xml; path = Info.plist; sourceTree = "<group>"; };
		4C09015A269AF90C0077E267 /* Skillbox_Task10Tests.xctest */ = {isa = PBXFileReference; explicitFileType = wrapper.cfbundle; includeInIndex = 0; path = Skillbox_Task10Tests.xctest; sourceTree = BUILT_PRODUCTS_DIR; };
		4C09015E269AF90C0077E267 /* Skillbox_Task10Tests.swift */ = {isa = PBXFileReference; lastKnownFileType = sourcecode.swift; path = Skillbox_Task10Tests.swift; sourceTree = "<group>"; };
		4C090160269AF90C0077E267 /* Info.plist */ = {isa = PBXFileReference; lastKnownFileType = text.plist.xml; path = Info.plist; sourceTree = "<group>"; };
		4C090165269AF90C0077E267 /* Skillbox_Task10UITests.xctest */ = {isa = PBXFileReference; explicitFileType = wrapper.cfbundle; includeInIndex = 0; path = Skillbox_Task10UITests.xctest; sourceTree = BUILT_PRODUCTS_DIR; };
		4C090169269AF90C0077E267 /* Skillbox_Task10UITests.swift */ = {isa = PBXFileReference; lastKnownFileType = sourcecode.swift; path = Skillbox_Task10UITests.swift; sourceTree = "<group>"; };
		4C09016B269AF90C0077E267 /* Info.plist */ = {isa = PBXFileReference; lastKnownFileType = text.plist.xml; path = Info.plist; sourceTree = "<group>"; };
/* End PBXFileReference section */

/* Begin PBXFrameworksBuildPhase section */
		4C090141269AF9030077E267 /* Frameworks */ = {
			isa = PBXFrameworksBuildPhase;
			buildActionMask = 2147483647;
			files = (
			);
			runOnlyForDeploymentPostprocessing = 0;
		};
		4C090157269AF90C0077E267 /* Frameworks */ = {
			isa = PBXFrameworksBuildPhase;
			buildActionMask = 2147483647;
			files = (
			);
			runOnlyForDeploymentPostprocessing = 0;
		};
		4C090162269AF90C0077E267 /* Frameworks */ = {
			isa = PBXFrameworksBuildPhase;
			buildActionMask = 2147483647;
			files = (
			);
			runOnlyForDeploymentPostprocessing = 0;
		};
/* End PBXFrameworksBuildPhase section */

/* Begin PBXGroup section */
		4C09013B269AF9030077E267 = {
			isa = PBXGroup;
			children = (
				4C090146269AF9030077E267 /* Skillbox_Task10 */,
				4C09015D269AF90C0077E267 /* Skillbox_Task10Tests */,
				4C090168269AF90C0077E267 /* Skillbox_Task10UITests */,
				4C090145269AF9030077E267 /* Products */,
			);
			sourceTree = "<group>";
		};
		4C090145269AF9030077E267 /* Products */ = {
			isa = PBXGroup;
			children = (
				4C090144269AF9030077E267 /* Skillbox_Task10.app */,
				4C09015A269AF90C0077E267 /* Skillbox_Task10Tests.xctest */,
				4C090165269AF90C0077E267 /* Skillbox_Task10UITests.xctest */,
			);
			name = Products;
			sourceTree = "<group>";
		};
		4C090146269AF9030077E267 /* Skillbox_Task10 */ = {
			isa = PBXGroup;
			children = (
				4C090147269AF9030077E267 /* AppDelegate.swift */,
				4C090149269AF9030077E267 /* SceneDelegate.swift */,
				4C09014B269AF9030077E267 /* ViewController.swift */,
				4C09014D269AF9040077E267 /* Main.storyboard */,
				4C090150269AF90B0077E267 /* Assets.xcassets */,
				4C090152269AF90B0077E267 /* LaunchScreen.storyboard */,
				4C090155269AF90B0077E267 /* Info.plist */,
			);
			path = Skillbox_Task10;
			sourceTree = "<group>";
		};
		4C09015D269AF90C0077E267 /* Skillbox_Task10Tests */ = {
			isa = PBXGroup;
			children = (
				4C09015E269AF90C0077E267 /* Skillbox_Task10Tests.swift */,
				4C090160269AF90C0077E267 /* Info.plist */,
			);
			path = Skillbox_Task10Tests;
			sourceTree = "<group>";
		};
		4C090168269AF90C0077E267 /* Skillbox_Task10UITests */ = {
			isa = PBXGroup;
			children = (
				4C090169269AF90C0077E267 /* Skillbox_Task10UITests.swift */,
				4C09016B269AF90C0077E267 /* Info.plist */,
			);
			path = Skillbox_Task10UITests;
			sourceTree = "<group>";
		};
/* End PBXGroup section */

/* Begin PBXNativeTarget section */
		4C090143269AF9030077E267 /* Skillbox_Task10 */ = {
			isa = PBXNativeTarget;
			buildConfigurationList = 4C09016E269AF90C0077E267 /* Build configuration list for PBXNativeTarget "Skillbox_Task10" */;
			buildPhases = (
				4C090140269AF9030077E267 /* Sources */,
				4C090141269AF9030077E267 /* Frameworks */,
				4C090142269AF9030077E267 /* Resources */,
			);
			buildRules = (
			);
			dependencies = (
			);
			name = Skillbox_Task10;
			productName = Skillbox_Task10;
			productReference = 4C090144269AF9030077E267 /* Skillbox_Task10.app */;
			productType = "com.apple.product-type.application";
		};
		4C090159269AF90C0077E267 /* Skillbox_Task10Tests */ = {
			isa = PBXNativeTarget;
			buildConfigurationList = 4C090171269AF90C0077E267 /* Build configuration list for PBXNativeTarget "Skillbox_Task10Tests" */;
			buildPhases = (
				4C090156269AF90C0077E267 /* Sources */,
				4C090157269AF90C0077E267 /* Frameworks */,
				4C090158269AF90C0077E267 /* Resources */,
			);
			buildRules = (
			);
			dependencies = (
				4C09015C269AF90C0077E267 /* PBXTargetDependency */,
			);
			name = Skillbox_Task10Tests;
			productName = Skillbox_Task10Tests;
			productReference = 4C09015A269AF90C0077E267 /* Skillbox_Task10Tests.xctest */;
			productType = "com.apple.product-type.bundle.unit-test";
		};
		4C090164269AF90C0077E267 /* Skillbox_Task10UITests */ = {
			isa = PBXNativeTarget;
			buildConfigurationList = 4C090174269AF90C0077E267 /* Build configuration list for PBXNativeTarget "Skillbox_Task10UITests" */;
			buildPhases = (
				4C090161269AF90C0077E267 /* Sources */,
				4C090162269AF90C0077E267 /* Frameworks */,
				4C090163269AF90C0077E267 /* Resources */,
			);
			buildRules = (
			);
			dependencies = (
				4C090167269AF90C0077E267 /* PBXTargetDependency */,
			);
			name = Skillbox_Task10UITests;
			productName = Skillbox_Task10UITests;
			productReference = 4C090165269AF90C0077E267 /* Skillbox_Task10UITests.xctest */;
			productType = "com.apple.product-type.bundle.ui-testing";
		};
/* End PBXNativeTarget section */

/* Begin PBXProject section */
		4C09013C269AF9030077E267 /* Project object */ = {
			isa = PBXProject;
			attributes = {
				LastSwiftUpdateCheck = 1250;
				LastUpgradeCheck = 1250;
				TargetAttributes = {
					4C090143269AF9030077E267 = {
						CreatedOnToolsVersion = 12.5.1;
					};
					4C090159269AF90C0077E267 = {
						CreatedOnToolsVersion = 12.5.1;
						TestTargetID = 4C090143269AF9030077E267;
					};
					4C090164269AF90C0077E267 = {
						CreatedOnToolsVersion = 12.5.1;
						TestTargetID = 4C090143269AF9030077E267;
					};
				};
			};
			buildConfigurationList = 4C09013F269AF9030077E267 /* Build configuration list for PBXProject "Skillbox_Task10" */;
			compatibilityVersion = "Xcode 9.3";
			developmentRegion = en;
			hasScannedForEncodings = 0;
			knownRegions = (
				en,
				Base,
			);
			mainGroup = 4C09013B269AF9030077E267;
			productRefGroup = 4C090145269AF9030077E267 /* Products */;
			projectDirPath = "";
			projectRoot = "";
			targets = (
				4C090143269AF9030077E267 /* Skillbox_Task10 */,
				4C090159269AF90C0077E267 /* Skillbox_Task10Tests */,
				4C090164269AF90C0077E267 /* Skillbox_Task10UITests */,
			);
		};
/* End PBXProject section */

/* Begin PBXResourcesBuildPhase section */
		4C090142269AF9030077E267 /* Resources */ = {
			isa = PBXResourcesBuildPhase;
			buildActionMask = 2147483647;
			files = (
				4C090154269AF90B0077E267 /* LaunchScreen.storyboard in Resources */,
				4C090151269AF90B0077E267 /* Assets.xcassets in Resources */,
				4C09014F269AF9040077E267 /* Main.storyboard in Resources */,
			);
			runOnlyForDeploymentPostprocessing = 0;
		};
		4C090158269AF90C0077E267 /* Resources */ = {
			isa = PBXResourcesBuildPhase;
			buildActionMask = 2147483647;
			files = (
			);
			runOnlyForDeploymentPostprocessing = 0;
		};
		4C090163269AF90C0077E267 /* Resources */ = {
			isa = PBXResourcesBuildPhase;
			buildActionMask = 2147483647;
			files = (
			);
			runOnlyForDeploymentPostprocessing = 0;
		};
/* End PBXResourcesBuildPhase section */

/* Begin PBXSourcesBuildPhase section */
		4C090140269AF9030077E267 /* Sources */ = {
			isa = PBXSourcesBuildPhase;
			buildActionMask = 2147483647;
			files = (
				4C09014C269AF9030077E267 /* ViewController.swift in Sources */,
				4C090148269AF9030077E267 /* AppDelegate.swift in Sources */,
				4C09014A269AF9030077E267 /* SceneDelegate.swift in Sources */,
			);
			runOnlyForDeploymentPostprocessing = 0;
		};
		4C090156269AF90C0077E267 /* Sources */ = {
			isa = PBXSourcesBuildPhase;
			buildActionMask = 2147483647;
			files = (
				4C09015F269AF90C0077E267 /* Skillbox_Task10Tests.swift in Sources */,
			);
			runOnlyForDeploymentPostprocessing = 0;
		};
		4C090161269AF90C0077E267 /* Sources */ = {
			isa = PBXSourcesBuildPhase;
			buildActionMask = 2147483647;
			files = (
				4C09016A269AF90C0077E267 /* Skillbox_Task10UITests.swift in Sources */,
			);
			runOnlyForDeploymentPostprocessing = 0;
		};
/* End PBXSourcesBuildPhase section */

/* Begin PBXTargetDependency section */
		4C09015C269AF90C0077E267 /* PBXTargetDependency */ = {
			isa = PBXTargetDependency;
			target = 4C090143269AF9030077E267 /* Skillbox_Task10 */;
			targetProxy = 4C09015B269AF90C0077E267 /* PBXContainerItemProxy */;
		};
		4C090167269AF90C0077E267 /* PBXTargetDependency */ = {
			isa = PBXTargetDependency;
			target = 4C090143269AF9030077E267 /* Skillbox_Task10 */;
			targetProxy = 4C090166269AF90C0077E267 /* PBXContainerItemProxy */;
		};
/* End PBXTargetDependency section */

/* Begin PBXVariantGroup section */
		4C09014D269AF9040077E267 /* Main.storyboard */ = {
			isa = PBXVariantGroup;
			children = (
				4C09014E269AF9040077E267 /* Base */,
			);
			name = Main.storyboard;
			sourceTree = "<group>";
		};
		4C090152269AF90B0077E267 /* LaunchScreen.storyboard */ = {
			isa = PBXVariantGroup;
			children = (
				4C090153269AF90B0077E267 /* Base */,
			);
			name = LaunchScreen.storyboard;
			sourceTree = "<group>";
		};
/* End PBXVariantGroup section */

/* Begin XCBuildConfiguration section */
		4C09016C269AF90C0077E267 /* Debug */ = {
			isa = XCBuildConfiguration;
			buildSettings = {
				ALWAYS_SEARCH_USER_PATHS = NO;
				CLANG_ANALYZER_NONNULL = YES;
				CLANG_ANALYZER_NUMBER_OBJECT_CONVERSION = YES_AGGRESSIVE;
				CLANG_CXX_LANGUAGE_STANDARD = "gnu++14";
				CLANG_CXX_LIBRARY = "libc++";
				CLANG_ENABLE_MODULES = YES;
				CLANG_ENABLE_OBJC_ARC = YES;
				CLANG_ENABLE_OBJC_WEAK = YES;
				CLANG_WARN_BLOCK_CAPTURE_AUTORELEASING = YES;
				CLANG_WARN_BOOL_CONVERSION = YES;
				CLANG_WARN_COMMA = YES;
				CLANG_WARN_CONSTANT_CONVERSION = YES;
				CLANG_WARN_DEPRECATED_OBJC_IMPLEMENTATIONS = YES;
				CLANG_WARN_DIRECT_OBJC_ISA_USAGE = YES_ERROR;
				CLANG_WARN_DOCUMENTATION_COMMENTS = YES;
				CLANG_WARN_EMPTY_BODY = YES;
				CLANG_WARN_ENUM_CONVERSION = YES;
				CLANG_WARN_INFINITE_RECURSION = YES;
				CLANG_WARN_INT_CONVERSION = YES;
				CLANG_WARN_NON_LITERAL_NULL_CONVERSION = YES;
				CLANG_WARN_OBJC_IMPLICIT_RETAIN_SELF = YES;
				CLANG_WARN_OBJC_LITERAL_CONVERSION = YES;
				CLANG_WARN_OBJC_ROOT_CLASS = YES_ERROR;
				CLANG_WARN_QUOTED_INCLUDE_IN_FRAMEWORK_HEADER = YES;
				CLANG_WARN_RANGE_LOOP_ANALYSIS = YES;
				CLANG_WARN_STRICT_PROTOTYPES = YES;
				CLANG_WARN_SUSPICIOUS_MOVE = YES;
				CLANG_WARN_UNGUARDED_AVAILABILITY = YES_AGGRESSIVE;
				CLANG_WARN_UNREACHABLE_CODE = YES;
				CLANG_WARN__DUPLICATE_METHOD_MATCH = YES;
				COPY_PHASE_STRIP = NO;
				DEBUG_INFORMATION_FORMAT = dwarf;
				ENABLE_STRICT_OBJC_MSGSEND = YES;
				ENABLE_TESTABILITY = YES;
				GCC_C_LANGUAGE_STANDARD = gnu11;
				GCC_DYNAMIC_NO_PIC = NO;
				GCC_NO_COMMON_BLOCKS = YES;
				GCC_OPTIMIZATION_LEVEL = 0;
				GCC_PREPROCESSOR_DEFINITIONS = (
					"DEBUG=1",
					"$(inherited)",
				);
				GCC_WARN_64_TO_32_BIT_CONVERSION = YES;
				GCC_WARN_ABOUT_RETURN_TYPE = YES_ERROR;
				GCC_WARN_UNDECLARED_SELECTOR = YES;
				GCC_WARN_UNINITIALIZED_AUTOS = YES_AGGRESSIVE;
				GCC_WARN_UNUSED_FUNCTION = YES;
				GCC_WARN_UNUSED_VARIABLE = YES;
				IPHONEOS_DEPLOYMENT_TARGET = 14.5;
				MTL_ENABLE_DEBUG_INFO = INCLUDE_SOURCE;
				MTL_FAST_MATH = YES;
				ONLY_ACTIVE_ARCH = YES;
				SDKROOT = iphoneos;
				SWIFT_ACTIVE_COMPILATION_CONDITIONS = DEBUG;
				SWIFT_OPTIMIZATION_LEVEL = "-Onone";
			};
			name = Debug;
		};
		4C09016D269AF90C0077E267 /* Release */ = {
			isa = XCBuildConfiguration;
			buildSettings = {
				ALWAYS_SEARCH_USER_PATHS = NO;
				CLANG_ANALYZER_NONNULL = YES;
				CLANG_ANALYZER_NUMBER_OBJECT_CONVERSION = YES_AGGRESSIVE;
				CLANG_CXX_LANGUAGE_STANDARD = "gnu++14";
				CLANG_CXX_LIBRARY = "libc++";
				CLANG_ENABLE_MODULES = YES;
				CLANG_ENABLE_OBJC_ARC = YES;
				CLANG_ENABLE_OBJC_WEAK = YES;
				CLANG_WARN_BLOCK_CAPTURE_AUTORELEASING = YES;
				CLANG_WARN_BOOL_CONVERSION = YES;
				CLANG_WARN_COMMA = YES;
				CLANG_WARN_CONSTANT_CONVERSION = YES;
				CLANG_WARN_DEPRECATED_OBJC_IMPLEMENTATIONS = YES;
				CLANG_WARN_DIRECT_OBJC_ISA_USAGE = YES_ERROR;
				CLANG_WARN_DOCUMENTATION_COMMENTS = YES;
				CLANG_WARN_EMPTY_BODY = YES;
				CLANG_WARN_ENUM_CONVERSION = YES;
				CLANG_WARN_INFINITE_RECURSION = YES;
				CLANG_WARN_INT_CONVERSION = YES;
				CLANG_WARN_NON_LITERAL_NULL_CONVERSION = YES;
				CLANG_WARN_OBJC_IMPLICIT_RETAIN_SELF = YES;
				CLANG_WARN_OBJC_LITERAL_CONVERSION = YES;
				CLANG_WARN_OBJC_ROOT_CLASS = YES_ERROR;
				CLANG_WARN_QUOTED_INCLUDE_IN_FRAMEWORK_HEADER = YES;
				CLANG_WARN_RANGE_LOOP_ANALYSIS = YES;
				CLANG_WARN_STRICT_PROTOTYPES = YES;
				CLANG_WARN_SUSPICIOUS_MOVE = YES;
				CLANG_WARN_UNGUARDED_AVAILABILITY = YES_AGGRESSIVE;
				CLANG_WARN_UNREACHABLE_CODE = YES;
				CLANG_WARN__DUPLICATE_METHOD_MATCH = YES;
				COPY_PHASE_STRIP = NO;
				DEBUG_INFORMATION_FORMAT = "dwarf-with-dsym";
				ENABLE_NS_ASSERTIONS = NO;
				ENABLE_STRICT_OBJC_MSGSEND = YES;
				GCC_C_LANGUAGE_STANDARD = gnu11;
				GCC_NO_COMMON_BLOCKS = YES;
				GCC_WARN_64_TO_32_BIT_CONVERSION = YES;
				GCC_WARN_ABOUT_RETURN_TYPE = YES_ERROR;
				GCC_WARN_UNDECLARED_SELECTOR = YES;
				GCC_WARN_UNINITIALIZED_AUTOS = YES_AGGRESSIVE;
				GCC_WARN_UNUSED_FUNCTION = YES;
				GCC_WARN_UNUSED_VARIABLE = YES;
				IPHONEOS_DEPLOYMENT_TARGET = 14.5;
				MTL_ENABLE_DEBUG_INFO = NO;
				MTL_FAST_MATH = YES;
				SDKROOT = iphoneos;
				SWIFT_COMPILATION_MODE = wholemodule;
				SWIFT_OPTIMIZATION_LEVEL = "-O";
				VALIDATE_PRODUCT = YES;
			};
			name = Release;
		};
		4C09016F269AF90C0077E267 /* Debug */ = {
			isa = XCBuildConfiguration;
			buildSettings = {
				ASSETCATALOG_COMPILER_APPICON_NAME = AppIcon;
				ASSETCATALOG_COMPILER_GLOBAL_ACCENT_COLOR_NAME = AccentColor;
				CODE_SIGN_STYLE = Automatic;
				INFOPLIST_FILE = Skillbox_Task10/Info.plist;
				LD_RUNPATH_SEARCH_PATHS = (
					"$(inherited)",
					"@executable_path/Frameworks",
				);
				PRODUCT_BUNDLE_IDENTIFIER = "Mariya.Skillbox-Task10";
				PRODUCT_NAME = "$(TARGET_NAME)";
				SWIFT_VERSION = 5.0;
				TARGETED_DEVICE_FAMILY = "1,2";
			};
			name = Debug;
		};
		4C090170269AF90C0077E267 /* Release */ = {
			isa = XCBuildConfiguration;
			buildSettings = {
				ASSETCATALOG_COMPILER_APPICON_NAME = AppIcon;
				ASSETCATALOG_COMPILER_GLOBAL_ACCENT_COLOR_NAME = AccentColor;
				CODE_SIGN_STYLE = Automatic;
				INFOPLIST_FILE = Skillbox_Task10/Info.plist;
				LD_RUNPATH_SEARCH_PATHS = (
					"$(inherited)",
					"@executable_path/Frameworks",
				);
				PRODUCT_BUNDLE_IDENTIFIER = "Mariya.Skillbox-Task10";
				PRODUCT_NAME = "$(TARGET_NAME)";
				SWIFT_VERSION = 5.0;
				TARGETED_DEVICE_FAMILY = "1,2";
			};
			name = Release;
		};
		4C090172269AF90C0077E267 /* Debug */ = {
			isa = XCBuildConfiguration;
			buildSettings = {
				ALWAYS_EMBED_SWIFT_STANDARD_LIBRARIES = YES;
				BUNDLE_LOADER = "$(TEST_HOST)";
				CODE_SIGN_STYLE = Automatic;
				INFOPLIST_FILE = Skillbox_Task10Tests/Info.plist;
				IPHONEOS_DEPLOYMENT_TARGET = 14.5;
				LD_RUNPATH_SEARCH_PATHS = (
					"$(inherited)",
					"@executable_path/Frameworks",
					"@loader_path/Frameworks",
				);
				PRODUCT_BUNDLE_IDENTIFIER = "Mariya.Skillbox-Task10Tests";
				PRODUCT_NAME = "$(TARGET_NAME)";
				SWIFT_VERSION = 5.0;
				TARGETED_DEVICE_FAMILY = "1,2";
				TEST_HOST = "$(BUILT_PRODUCTS_DIR)/Skillbox_Task10.app/Skillbox_Task10";
			};
			name = Debug;
		};
		4C090173269AF90C0077E267 /* Release */ = {
			isa = XCBuildConfiguration;
			buildSettings = {
				ALWAYS_EMBED_SWIFT_STANDARD_LIBRARIES = YES;
				BUNDLE_LOADER = "$(TEST_HOST)";
				CODE_SIGN_STYLE = Automatic;
				INFOPLIST_FILE = Skillbox_Task10Tests/Info.plist;
				IPHONEOS_DEPLOYMENT_TARGET = 14.5;
				LD_RUNPATH_SEARCH_PATHS = (
					"$(inherited)",
					"@executable_path/Frameworks",
					"@loader_path/Frameworks",
				);
				PRODUCT_BUNDLE_IDENTIFIER = "Mariya.Skillbox-Task10Tests";
				PRODUCT_NAME = "$(TARGET_NAME)";
				SWIFT_VERSION = 5.0;
				TARGETED_DEVICE_FAMILY = "1,2";
				TEST_HOST = "$(BUILT_PRODUCTS_DIR)/Skillbox_Task10.app/Skillbox_Task10";
			};
			name = Release;
		};
		4C090175269AF90C0077E267 /* Debug */ = {
			isa = XCBuildConfiguration;
			buildSettings = {
				ALWAYS_EMBED_SWIFT_STANDARD_LIBRARIES = YES;
				CODE_SIGN_STYLE = Automatic;
				INFOPLIST_FILE = Skillbox_Task10UITests/Info.plist;
				LD_RUNPATH_SEARCH_PATHS = (
					"$(inherited)",
					"@executable_path/Frameworks",
					"@loader_path/Frameworks",
				);
				PRODUCT_BUNDLE_IDENTIFIER = "Mariya.Skillbox-Task10UITests";
				PRODUCT_NAME = "$(TARGET_NAME)";
				SWIFT_VERSION = 5.0;
				TARGETED_DEVICE_FAMILY = "1,2";
				TEST_TARGET_NAME = Skillbox_Task10;
			};
			name = Debug;
		};
		4C090176269AF90C0077E267 /* Release */ = {
			isa = XCBuildConfiguration;
			buildSettings = {
				ALWAYS_EMBED_SWIFT_STANDARD_LIBRARIES = YES;
				CODE_SIGN_STYLE = Automatic;
				INFOPLIST_FILE = Skillbox_Task10UITests/Info.plist;
				LD_RUNPATH_SEARCH_PATHS = (
					"$(inherited)",
					"@executable_path/Frameworks",
					"@loader_path/Frameworks",
				);
				PRODUCT_BUNDLE_IDENTIFIER = "Mariya.Skillbox-Task10UITests";
				PRODUCT_NAME = "$(TARGET_NAME)";
				SWIFT_VERSION = 5.0;
				TARGETED_DEVICE_FAMILY = "1,2";
				TEST_TARGET_NAME = Skillbox_Task10;
			};
			name = Release;
		};
/* End XCBuildConfiguration section */

/* Begin XCConfigurationList section */
		4C09013F269AF9030077E267 /* Build configuration list for PBXProject "Skillbox_Task10" */ = {
			isa = XCConfigurationList;
			buildConfigurations = (
				4C09016C269AF90C0077E267 /* Debug */,
				4C09016D269AF90C0077E267 /* Release */,
			);
			defaultConfigurationIsVisible = 0;
			defaultConfigurationName = Release;
		};
		4C09016E269AF90C0077E267 /* Build configuration list for PBXNativeTarget "Skillbox_Task10" */ = {
			isa = XCConfigurationList;
			buildConfigurations = (
				4C09016F269AF90C0077E267 /* Debug */,
				4C090170269AF90C0077E267 /* Release */,
			);
			defaultConfigurationIsVisible = 0;
			defaultConfigurationName = Release;
		};
		4C090171269AF90C0077E267 /* Build configuration list for PBXNativeTarget "Skillbox_Task10Tests" */ = {
			isa = XCConfigurationList;
			buildConfigurations = (
				4C090172269AF90C0077E267 /* Debug */,
				4C090173269AF90C0077E267 /* Release */,
			);
			defaultConfigurationIsVisible = 0;
			defaultConfigurationName = Release;
		};
		4C090174269AF90C0077E267 /* Build configuration list for PBXNativeTarget "Skillbox_Task10UITests" */ = {
			isa = XCConfigurationList;
			buildConfigurations = (
				4C090175269AF90C0077E267 /* Debug */,
				4C090176269AF90C0077E267 /* Release */,
			);
			defaultConfigurationIsVisible = 0;
			defaultConfigurationName = Release;
		};
/* End XCConfigurationList section */
	};
	rootObject = 4C09013C269AF9030077E267 /* Project object */;
}
